{
  "name": "pop-idkit-sidecar",
  "version": "1.0.0",
  "lockfileVersion": 3,
  "requires": true,
  "packages": {
    "": {
      "name": "pop-idkit-sidecar",
      "version": "1.0.0",
      "license": "ISC",
      "dependencies": {
        "@worldcoin/idkit-core": "4.2.4"
      }
    },
    "node_modules/@noble/hashes": {
      "version": "1.8.0",
      "resolved": "https://registry.npmjs.org/@noble/hashes/-/hashes-1.8.0.tgz",
      "integrity": "sha512-jCs9ldd7NwzpgXDIf6P3+NrHh9/sD6CQdxHyjQI+h/6rDNo88ypBxxz45UDuZHz9r3tNz7N/VInSVoVdtXEI4A==",
      "license": "MIT",
      "engines": {
        "node": "^14.21.3 || >=16"
      },
      "funding": {
        "url": "https://paulmillr.com/funding/"
      }
    },
    "node_modules/@noble/secp256k1": {
      "version": "2.3.0",
      "resolved": "https://registry.npmjs.org/@noble/secp256k1/-/secp256k1-2.3.0.tgz",
      "integrity": "sha512-0TQed2gcBbIrh7Ccyw+y/uZQvbJwm7Ao4scBUxqpBCcsOlZG0O4KGfjtNAy/li4W8n1xt3dxrwJ0beZ2h2G6Kw==",
      "license": "MIT",
      "funding": {
        "url": "https://paulmillr.com/funding/"
      }
    },
    "node_modules/@worldcoin/idkit-core": {
      "version": "4.2.4",
      "resolved": "https://registry.npmjs.org/@worldcoin/idkit-core/-/idkit-core-4.2.4.tgz",
      "integrity": "sha512-R7nupFbXtk1h0ErnDDlarYlGqnFBLzy96xcMWOHqzkt7Wzs788cyxHZqgJHRsSnWx6LMToxp5kO3zr5N4rBatA==",
      "license": "MIT",
      "dependencies": {
        "@noble/hashes": "^1.7.2",
        "@worldcoin/idkit-server": "1.1.1"
      }
    },
    "node_modules/@worldcoin/idkit-server": {
      "version": "1.1.1",
      "resolved": "https://registry.npmjs.org/@worldcoin/idkit-server/-/idkit-server-1.1.1.tgz",
      "integrity": "sha512-iO4Kd3QBLzJak3BPz5eIzRjW0kT8Px5c3LbNzvCKMnczLvVSKoWqdvGiJlkK8Dp29KstNI62iv4ak0z8nzui/Q==",
      "license": "MIT",
      "dependencies": {
        "@noble/hashes": "^1.7.2",
        "@noble/secp256k1": "^2.2.3"
      },
      "engines": {
        "node": ">=18"
      }
    }
  }
}
